
Microsoft Visual Studio Solution File, Format Version 12.00
# Visual Studio Version 16
VisualStudioVersion = 16.0.31911.196
MinimumVisualStudioVersion = 10.0.40219.1
Project("{9A19103F-16F7-4668-BE54-9A1E7A4F7556}") = "ToDoAppWeb_ToDoListMicroservice", "ToDoAppWeb_ToDoListMicroservice\ToDoAppWeb_ToDoListMicroservice.csproj", "{6CD8F6A0-AB85-415E-8F6F-08745040FA76}"
EndProject
Project("{9A19103F-16F7-4668-BE54-9A1E7A4F7556}") = "DAL", "DAL\DAL.csproj", "{9555E9CE-F123-4F10-ABA6-012C08D5FBD3}"
EndProject
Project("{FAE04EC0-301F-11D3-BF4B-00C04F79EFBC}") = "BLL", "BLL\BLL.csproj", "{9EF9D56C-6D7E-4031-B253-9CB2220B7E6D}"
EndProject
Project("{FAE04EC0-301F-11D3-BF4B-00C04F79EFBC}") = "Models", "Models\Models.csproj", "{59DC5F84-11CB-4623-8331-795DEDA51678}"
EndProject
Project("{FAE04EC0-301F-11D3-BF4B-00C04F79EFBC}") = "Common", "Common\Common.csproj", "{E565DA0F-0EDE-4CC1-A351-7B25BCACB7F8}"
EndProject
Global
	GlobalSection(SolutionConfigurationPlatforms) = preSolution
		Debug|Any CPU = Debug|Any CPU
		Release|Any CPU = Release|Any CPU
	EndGlobalSection
	GlobalSection(ProjectConfigurationPlatforms) = postSolution
		{6CD8F6A0-AB85-415E-8F6F-08745040FA76}.Debug|Any CPU.ActiveCfg = Debug|Any CPU
		{6CD8F6A0-AB85-415E-8F6F-08745040FA76}.Debug|Any CPU.Build.0 = Debug|Any CPU
		{6CD8F6A0-AB85-415E-8F6F-08745040FA76}.Release|Any CPU.ActiveCfg = Release|Any CPU
		{6CD8F6A0-AB85-415E-8F6F-08745040FA76}.Release|Any CPU.Build.0 = Release|Any CPU
		{9555E9CE-F123-4F10-ABA6-012C08D5FBD3}.Debug|Any CPU.ActiveCfg = Debug|Any CPU
		{9555E9CE-F123-4F10-ABA6-012C08D5FBD3}.Debug|Any CPU.Build.0 = Debug|Any CPU
		{9555E9CE-F123-4F10-ABA6-012C08D5FBD3}.Release|Any CPU.ActiveCfg = Release|Any CPU
		{9555E9CE-F123-4F10-ABA6-012C08D5FBD3}.Release|Any CPU.Build.0 = Release|Any CPU
		{9EF9D56C-6D7E-4031-B253-9CB2220B7E6D}.Debug|Any CPU.ActiveCfg = Debug|Any CPU
		{9EF9D56C-6D7E-4031-B253-9CB2220B7E6D}.Debug|Any CPU.Build.0 = Debug|Any CPU
		{9EF9D56C-6D7E-4031-B253-9CB2220B7E6D}.Release|Any CPU.ActiveCfg = Release|Any CPU
		{9EF9D56C-6D7E-4031-B253-9CB2220B7E6D}.Release|Any CPU.Build.0 = Release|Any CPU
		{59DC5F84-11CB-4623-8331-795DEDA51678}.Debug|Any CPU.ActiveCfg = Debug|Any CPU
		{59DC5F84-11CB-4623-8331-795DEDA51678}.Debug|Any CPU.Build.0 = Debug|Any CPU
		{59DC5F84-11CB-4623-8331-795DEDA51678}.Release|Any CPU.ActiveCfg = Release|Any CPU
		{59DC5F84-11CB-4623-8331-795DEDA51678}.Release|Any CPU.Build.0 = Release|Any CPU
		{E565DA0F-0EDE-4CC1-A351-7B25BCACB7F8}.Debug|Any CPU.ActiveCfg = Debug|Any CPU
		{E565DA0F-0EDE-4CC1-A351-7B25BCACB7F8}.Debug|Any CPU.Build.0 = Debug|Any CPU
		{E565DA0F-0EDE-4CC1-A351-7B25BCACB7F8}.Release|Any CPU.ActiveCfg = Release|Any CPU
		{E565DA0F-0EDE-4CC1-A351-7B25BCACB7F8}.Release|Any CPU.Build.0 = Release|Any CPU
	EndGlobalSection
	GlobalSection(SolutionProperties) = preSolution
		HideSolutionNode = FALSE
	EndGlobalSection
	GlobalSection(ExtensibilityGlobals) = postSolution
		SolutionGuid = {60953F1C-7D75-4235-BE12-44FB5EFB0C1F}
	EndGlobalSection
EndGlobal
